
Microsoft Visual Studio Solution File, Format Version 12.00
# Visual Studio 15
VisualStudioVersion = 15.0.27004.2005
MinimumVisualStudioVersion = 10.0.40219.1
Project("{FAE04EC0-301F-11D3-BF4B-00C04F79EFBC}") = "Excel2DynamoDb", "Excel2DynamoDb\Excel2DynamoDb.csproj", "{C91BF489-2DB1-46AF-8A6D-F14D47D83FFD}"
EndProject
Global
	GlobalSection(SolutionConfigurationPlatforms) = preSolution
		Debug|Any CPU = Debug|Any CPU
		Release|Any CPU = Release|Any CPU
	EndGlobalSection
	GlobalSection(ProjectConfigurationPlatforms) = postSolution
		{C91BF489-2DB1-46AF-8A6D-F14D47D83FFD}.Debug|Any CPU.ActiveCfg = Debug|Any CPU
		{C91BF489-2DB1-46AF-8A6D-F14D47D83FFD}.Debug|Any CPU.Build.0 = Debug|Any CPU
		{C91BF489-2DB1-46AF-8A6D-F14D47D83FFD}.Release|Any CPU.ActiveCfg = Release|Any CPU
		{C91BF489-2DB1-46AF-8A6D-F14D47D83FFD}.Release|Any CPU.Build.0 = Release|Any CPU
	EndGlobalSection
	GlobalSection(SolutionProperties) = preSolution
		HideSolutionNode = FALSE
	EndGlobalSection
	GlobalSection(ExtensibilityGlobals) = postSolution
		SolutionGuid = {96530C60-0FAD-457B-97DF-44C8897D32BA}
	EndGlobalSection
EndGlobal
